
Microsoft Visual Studio Solution File, Format Version 12.00
# Visual Studio Version 16
VisualStudioVersion = 16.0.29709.97
MinimumVisualStudioVersion = 10.0.40219.1
Project("{FAE04EC0-301F-11D3-BF4B-00C04F79EFBC}") = "01. String Manipulator - Group 1", "01. String Manipulator - Group 1\01. String Manipulator - Group 1.csproj", "{4C8DFDC8-070F-4D3C-86A4-7DC14E541BBA}"
EndProject
Project("{FAE04EC0-301F-11D3-BF4B-00C04F79EFBC}") = "02. Message Decrypter", "02. Message Decrypter\02. Message Decrypter.csproj", "{A7B65B98-926B-4C3A-8B00-105A52EEA707}"
EndProject
Project("{FAE04EC0-301F-11D3-BF4B-00C04F79EFBC}") = "03. Messages Manager", "03. Messages Manager\03. Messages Manager.csproj", "{511BD7F4-CFF6-49F9-9010-CDE4FF25DEE1}"
EndProject
Global
	GlobalSection(SolutionConfigurationPlatforms) = preSolution
		Debug|Any CPU = Debug|Any CPU
		Release|Any CPU = Release|Any CPU
	EndGlobalSection
	GlobalSection(ProjectConfigurationPlatforms) = postSolution
		{4C8DFDC8-070F-4D3C-86A4-7DC14E541BBA}.Debug|Any CPU.ActiveCfg = Debug|Any CPU
		{4C8DFDC8-070F-4D3C-86A4-7DC14E541BBA}.Debug|Any CPU.Build.0 = Debug|Any CPU
		{4C8DFDC8-070F-4D3C-86A4-7DC14E541BBA}.Release|Any CPU.ActiveCfg = Release|Any CPU
		{4C8DFDC8-070F-4D3C-86A4-7DC14E541BBA}.Release|Any CPU.Build.0 = Release|Any CPU
		{A7B65B98-926B-4C3A-8B00-105A52EEA707}.Debug|Any CPU.ActiveCfg = Debug|Any CPU
		{A7B65B98-926B-4C3A-8B00-105A52EEA707}.Debug|Any CPU.Build.0 = Debug|Any CPU
		{A7B65B98-926B-4C3A-8B00-105A52EEA707}.Release|Any CPU.ActiveCfg = Release|Any CPU
		{A7B65B98-926B-4C3A-8B00-105A52EEA707}.Release|Any CPU.Build.0 = Release|Any CPU
		{511BD7F4-CFF6-49F9-9010-CDE4FF25DEE1}.Debug|Any CPU.ActiveCfg = Debug|Any CPU
		{511BD7F4-CFF6-49F9-9010-CDE4FF25DEE1}.Debug|Any CPU.Build.0 = Debug|Any CPU
		{511BD7F4-CFF6-49F9-9010-CDE4FF25DEE1}.Release|Any CPU.ActiveCfg = Release|Any CPU
		{511BD7F4-CFF6-49F9-9010-CDE4FF25DEE1}.Release|Any CPU.Build.0 = Release|Any CPU
	EndGlobalSection
	GlobalSection(SolutionProperties) = preSolution
		HideSolutionNode = FALSE
	EndGlobalSection
	GlobalSection(ExtensibilityGlobals) = postSolution
		SolutionGuid = {B44D3348-439B-4B5E-B402-C64E61BB801D}
	EndGlobalSection
EndGlobal
