
Microsoft Visual Studio Solution File, Format Version 12.00
# Visual Studio Version 16
VisualStudioVersion = 16.0.29709.97
MinimumVisualStudioVersion = 10.0.40219.1
Project("{FAE04EC0-301F-11D3-BF4B-00C04F79EFBC}") = "01. String Manipulator - Group 2", "01. String Manipulator - Group 2\01. String Manipulator - Group 2.csproj", "{81C267B9-7643-4E3A-B699-A0D6F5E9B0BD}"
EndProject
Project("{FAE04EC0-301F-11D3-BF4B-00C04F79EFBC}") = "02. Message Encrypter", "02. Message Encrypter\02. Message Encrypter.csproj", "{71B533AD-8225-48FD-AD79-758760AF8F7B}"
EndProject
Project("{FAE04EC0-301F-11D3-BF4B-00C04F79EFBC}") = "03. Battle Manager", "03. Battle Manager\03. Battle Manager.csproj", "{0186251A-E6F9-4FE5-A1C5-71A6D408486D}"
EndProject
Global
	GlobalSection(SolutionConfigurationPlatforms) = preSolution
		Debug|Any CPU = Debug|Any CPU
		Release|Any CPU = Release|Any CPU
	EndGlobalSection
	GlobalSection(ProjectConfigurationPlatforms) = postSolution
		{4A240D42-E670-42AB-BF12-10A4B83858B6}.Debug|Any CPU.ActiveCfg = Debug|Any CPU
		{4A240D42-E670-42AB-BF12-10A4B83858B6}.Debug|Any CPU.Build.0 = Debug|Any CPU
		{4A240D42-E670-42AB-BF12-10A4B83858B6}.Release|Any CPU.ActiveCfg = Release|Any CPU
		{4A240D42-E670-42AB-BF12-10A4B83858B6}.Release|Any CPU.Build.0 = Release|Any CPU
		{3FEA33C2-6654-4975-8D3D-6E0C61FF9073}.Debug|Any CPU.ActiveCfg = Debug|Any CPU
		{3FEA33C2-6654-4975-8D3D-6E0C61FF9073}.Debug|Any CPU.Build.0 = Debug|Any CPU
		{3FEA33C2-6654-4975-8D3D-6E0C61FF9073}.Release|Any CPU.ActiveCfg = Release|Any CPU
		{3FEA33C2-6654-4975-8D3D-6E0C61FF9073}.Release|Any CPU.Build.0 = Release|Any CPU
		{23FB25F1-BFBC-4328-A8BB-ECB5B10E41A1}.Debug|Any CPU.ActiveCfg = Debug|Any CPU
		{23FB25F1-BFBC-4328-A8BB-ECB5B10E41A1}.Debug|Any CPU.Build.0 = Debug|Any CPU
		{23FB25F1-BFBC-4328-A8BB-ECB5B10E41A1}.Release|Any CPU.ActiveCfg = Release|Any CPU
		{23FB25F1-BFBC-4328-A8BB-ECB5B10E41A1}.Release|Any CPU.Build.0 = Release|Any CPU
		{81C267B9-7643-4E3A-B699-A0D6F5E9B0BD}.Debug|Any CPU.ActiveCfg = Debug|Any CPU
		{81C267B9-7643-4E3A-B699-A0D6F5E9B0BD}.Debug|Any CPU.Build.0 = Debug|Any CPU
		{81C267B9-7643-4E3A-B699-A0D6F5E9B0BD}.Release|Any CPU.ActiveCfg = Release|Any CPU
		{81C267B9-7643-4E3A-B699-A0D6F5E9B0BD}.Release|Any CPU.Build.0 = Release|Any CPU
		{71B533AD-8225-48FD-AD79-758760AF8F7B}.Debug|Any CPU.ActiveCfg = Debug|Any CPU
		{71B533AD-8225-48FD-AD79-758760AF8F7B}.Debug|Any CPU.Build.0 = Debug|Any CPU
		{71B533AD-8225-48FD-AD79-758760AF8F7B}.Release|Any CPU.ActiveCfg = Release|Any CPU
		{71B533AD-8225-48FD-AD79-758760AF8F7B}.Release|Any CPU.Build.0 = Release|Any CPU
		{0186251A-E6F9-4FE5-A1C5-71A6D408486D}.Debug|Any CPU.ActiveCfg = Debug|Any CPU
		{0186251A-E6F9-4FE5-A1C5-71A6D408486D}.Debug|Any CPU.Build.0 = Debug|Any CPU
		{0186251A-E6F9-4FE5-A1C5-71A6D408486D}.Release|Any CPU.ActiveCfg = Release|Any CPU
		{0186251A-E6F9-4FE5-A1C5-71A6D408486D}.Release|Any CPU.Build.0 = Release|Any CPU
	EndGlobalSection
	GlobalSection(SolutionProperties) = preSolution
		HideSolutionNode = FALSE
	EndGlobalSection
	GlobalSection(ExtensibilityGlobals) = postSolution
		SolutionGuid = {238B482A-D3F2-454F-A0D0-68A274DE397B}
	EndGlobalSection
EndGlobal
