
Microsoft Visual Studio Solution File, Format Version 12.00
# Visual Studio Version 16
VisualStudioVersion = 16.0.29709.97
MinimumVisualStudioVersion = 10.0.40219.1
Project("{FAE04EC0-301F-11D3-BF4B-00C04F79EFBC}") = "01. National Court", "01. National Court\01. National Court.csproj", "{63F64AAC-85A2-4E74-8707-F9A2BFED1112}"
EndProject
Project("{FAE04EC0-301F-11D3-BF4B-00C04F79EFBC}") = "02. Shopping List", "02. Shopping List\02. Shopping List.csproj", "{9571B6D9-414C-44B4-BF2F-1F08BB17E802}"
EndProject
Project("{FAE04EC0-301F-11D3-BF4B-00C04F79EFBC}") = "03. Heart Delivery", "03. Heart Delivery\03. Heart Delivery.csproj", "{9C35BE5D-73AB-40BB-AA98-F557387B41D3}"
EndProject
Global
	GlobalSection(SolutionConfigurationPlatforms) = preSolution
		Debug|Any CPU = Debug|Any CPU
		Release|Any CPU = Release|Any CPU
	EndGlobalSection
	GlobalSection(ProjectConfigurationPlatforms) = postSolution
		{63F64AAC-85A2-4E74-8707-F9A2BFED1112}.Debug|Any CPU.ActiveCfg = Debug|Any CPU
		{63F64AAC-85A2-4E74-8707-F9A2BFED1112}.Debug|Any CPU.Build.0 = Debug|Any CPU
		{63F64AAC-85A2-4E74-8707-F9A2BFED1112}.Release|Any CPU.ActiveCfg = Release|Any CPU
		{63F64AAC-85A2-4E74-8707-F9A2BFED1112}.Release|Any CPU.Build.0 = Release|Any CPU
		{9571B6D9-414C-44B4-BF2F-1F08BB17E802}.Debug|Any CPU.ActiveCfg = Debug|Any CPU
		{9571B6D9-414C-44B4-BF2F-1F08BB17E802}.Debug|Any CPU.Build.0 = Debug|Any CPU
		{9571B6D9-414C-44B4-BF2F-1F08BB17E802}.Release|Any CPU.ActiveCfg = Release|Any CPU
		{9571B6D9-414C-44B4-BF2F-1F08BB17E802}.Release|Any CPU.Build.0 = Release|Any CPU
		{9C35BE5D-73AB-40BB-AA98-F557387B41D3}.Debug|Any CPU.ActiveCfg = Debug|Any CPU
		{9C35BE5D-73AB-40BB-AA98-F557387B41D3}.Debug|Any CPU.Build.0 = Debug|Any CPU
		{9C35BE5D-73AB-40BB-AA98-F557387B41D3}.Release|Any CPU.ActiveCfg = Release|Any CPU
		{9C35BE5D-73AB-40BB-AA98-F557387B41D3}.Release|Any CPU.Build.0 = Release|Any CPU
	EndGlobalSection
	GlobalSection(SolutionProperties) = preSolution
		HideSolutionNode = FALSE
	EndGlobalSection
	GlobalSection(ExtensibilityGlobals) = postSolution
		SolutionGuid = {0235E0A2-0326-4CE1-B2FC-3A5142309E4B}
	EndGlobalSection
EndGlobal
