
Microsoft Visual Studio Solution File, Format Version 12.00
# Visual Studio Version 16
VisualStudioVersion = 16.0.29709.97
MinimumVisualStudioVersion = 10.0.40219.1
Project("{9A19103F-16F7-4668-BE54-9A1E7A4F7556}") = "01 Convert Meters to Kilometers", "01 Convert Meters to Kilometers\01 Convert Meters to Kilometers.csproj", "{ACB58AFC-3008-415F-87CB-D4B46F77A7D5}"
EndProject
Project("{9A19103F-16F7-4668-BE54-9A1E7A4F7556}") = "02 Pounds to Dollars", "02 Pounds to Dollars\02 Pounds to Dollars.csproj", "{E60C6562-0BD7-45DE-BEB0-32636C28C82C}"
EndProject
Project("{9A19103F-16F7-4668-BE54-9A1E7A4F7556}") = "03 Exact Sum of Real Numbers", "03 Exact Sum of Real Numbers\03 Exact Sum of Real Numbers.csproj", "{D19A7C9C-48F1-4968-980D-CDF12401773D}"
EndProject
Project("{9A19103F-16F7-4668-BE54-9A1E7A4F7556}") = "04 Centuries to Minutes", "04 Centuries to Minutes\04 Centuries to Minutes.csproj", "{A010C859-0B61-411A-9983-932577D03DB1}"
EndProject
Project("{9A19103F-16F7-4668-BE54-9A1E7A4F7556}") = "05 Special Numbers", "05 Special Numbers\05 Special Numbers.csproj", "{E6E52A1F-9EFE-4CA3-A674-21E85D82B952}"
EndProject
Project("{9A19103F-16F7-4668-BE54-9A1E7A4F7556}") = "06 Reversed Chars", "06 Reversed Chars\06 Reversed Chars.csproj", "{0F3560AC-451B-497C-B3FE-D5C6CA1BB2DD}"
EndProject
Project("{9A19103F-16F7-4668-BE54-9A1E7A4F7556}") = "07 Concat Names", "07 Concat Names\07 Concat Names.csproj", "{036495D5-1FAA-4D65-9797-9A4AB4B1B139}"
EndProject
Project("{FAE04EC0-301F-11D3-BF4B-00C04F79EFBC}") = "Exercise 01 Integer Operations", "Exercise 01 Integer Operations\Exercise 01 Integer Operations.csproj", "{46906E85-C451-4FBB-983B-E3E3D72762F1}"
EndProject
Project("{FAE04EC0-301F-11D3-BF4B-00C04F79EFBC}") = "Exercise 02 Sum Digits", "02 Sum Digits\Exercise 02 Sum Digits.csproj", "{7A110938-CDB5-4B45-8E10-AF37DCDD91B7}"
EndProject
Project("{FAE04EC0-301F-11D3-BF4B-00C04F79EFBC}") = "Exercise 03 Elevator", "Exercise 03 Elevator\Exercise 03 Elevator.csproj", "{40DF7A1B-9B1F-4943-BEA4-4EB2B20C31C5}"
EndProject
Project("{FAE04EC0-301F-11D3-BF4B-00C04F79EFBC}") = "Exercise 04 Sum Of Chars", "Exercise 04 Sum Of Chars\Exercise 04 Sum Of Chars.csproj", "{967AF62A-3623-4EA5-9303-71575C275482}"
EndProject
Project("{FAE04EC0-301F-11D3-BF4B-00C04F79EFBC}") = "Exercise 05 Print Part Of ASCII Table", "Exercise 05 Print Part Of ASCII Table\Exercise 05 Print Part Of ASCII Table.csproj", "{3C1C8086-886F-4B27-B3F2-9198F31362E1}"
EndProject
Project("{FAE04EC0-301F-11D3-BF4B-00C04F79EFBC}") = "Exercise 06 Triples of Latin Letters", "Exercise 06 Triples of Latin Letters\Exercise 06 Triples of Latin Letters.csproj", "{0907776F-78FA-4569-9B45-73D81C796956}"
EndProject
Project("{FAE04EC0-301F-11D3-BF4B-00C04F79EFBC}") = "Exercise 07 Water Overflow", "Exercise 07 Water Overflow\Exercise 07 Water Overflow.csproj", "{DA74F6DF-0536-4EBE-B376-E4C958977D2B}"
EndProject
Project("{FAE04EC0-301F-11D3-BF4B-00C04F79EFBC}") = "Exercise 08 Beer Kegs", "Exercise 08 Beer Kegs\Exercise 08 Beer Kegs.csproj", "{9549F519-342D-4E6C-A8FC-045A27491E08}"
EndProject
Project("{FAE04EC0-301F-11D3-BF4B-00C04F79EFBC}") = "Exercise 11 Snowballs", "Exercise 11 Snowballs\Exercise 11 Snowballs.csproj", "{8D6E538A-0832-4E2D-B124-33F7A1740C88}"
EndProject
Project("{FAE04EC0-301F-11D3-BF4B-00C04F79EFBC}") = "08 Town Info", "08 Town Info\08 Town Info.csproj", "{BBC78253-8E6B-4150-BF20-F775447C0A68}"
EndProject
Project("{FAE04EC0-301F-11D3-BF4B-00C04F79EFBC}") = "09 Chars to String", "09 Chars to String\09 Chars to String.csproj", "{14E279AF-AC9B-496D-8517-810978CED954}"
EndProject
Project("{FAE04EC0-301F-11D3-BF4B-00C04F79EFBC}") = "10 Lower or Upper", "10 Lower or Upper\10 Lower or Upper.csproj", "{E6CDC2E5-3EAD-44A0-A2E3-074004316615}"
EndProject
Project("{FAE04EC0-301F-11D3-BF4B-00C04F79EFBC}") = "11 Refactor Volume of Pyramid", "11 Refactor Volume of Pyramid\11 Refactor Volume of Pyramid.csproj", "{2B4A3F7D-78E4-4AD0-814E-CE9F8EAA625B}"
EndProject
Project("{FAE04EC0-301F-11D3-BF4B-00C04F79EFBC}") = "12 Refactor Special Numbers", "12 Refactor Special Numbers\12 Refactor Special Numbers.csproj", "{D2583538-B25D-48B4-88C4-B718E63BA49A}"
EndProject
Global
	GlobalSection(SolutionConfigurationPlatforms) = preSolution
		Debug|Any CPU = Debug|Any CPU
		Release|Any CPU = Release|Any CPU
	EndGlobalSection
	GlobalSection(ProjectConfigurationPlatforms) = postSolution
		{ACB58AFC-3008-415F-87CB-D4B46F77A7D5}.Debug|Any CPU.ActiveCfg = Debug|Any CPU
		{ACB58AFC-3008-415F-87CB-D4B46F77A7D5}.Debug|Any CPU.Build.0 = Debug|Any CPU
		{ACB58AFC-3008-415F-87CB-D4B46F77A7D5}.Release|Any CPU.ActiveCfg = Release|Any CPU
		{ACB58AFC-3008-415F-87CB-D4B46F77A7D5}.Release|Any CPU.Build.0 = Release|Any CPU
		{E60C6562-0BD7-45DE-BEB0-32636C28C82C}.Debug|Any CPU.ActiveCfg = Debug|Any CPU
		{E60C6562-0BD7-45DE-BEB0-32636C28C82C}.Debug|Any CPU.Build.0 = Debug|Any CPU
		{E60C6562-0BD7-45DE-BEB0-32636C28C82C}.Release|Any CPU.ActiveCfg = Release|Any CPU
		{E60C6562-0BD7-45DE-BEB0-32636C28C82C}.Release|Any CPU.Build.0 = Release|Any CPU
		{D19A7C9C-48F1-4968-980D-CDF12401773D}.Debug|Any CPU.ActiveCfg = Debug|Any CPU
		{D19A7C9C-48F1-4968-980D-CDF12401773D}.Debug|Any CPU.Build.0 = Debug|Any CPU
		{D19A7C9C-48F1-4968-980D-CDF12401773D}.Release|Any CPU.ActiveCfg = Release|Any CPU
		{D19A7C9C-48F1-4968-980D-CDF12401773D}.Release|Any CPU.Build.0 = Release|Any CPU
		{A010C859-0B61-411A-9983-932577D03DB1}.Debug|Any CPU.ActiveCfg = Debug|Any CPU
		{A010C859-0B61-411A-9983-932577D03DB1}.Debug|Any CPU.Build.0 = Debug|Any CPU
		{A010C859-0B61-411A-9983-932577D03DB1}.Release|Any CPU.ActiveCfg = Release|Any CPU
		{A010C859-0B61-411A-9983-932577D03DB1}.Release|Any CPU.Build.0 = Release|Any CPU
		{E6E52A1F-9EFE-4CA3-A674-21E85D82B952}.Debug|Any CPU.ActiveCfg = Debug|Any CPU
		{E6E52A1F-9EFE-4CA3-A674-21E85D82B952}.Debug|Any CPU.Build.0 = Debug|Any CPU
		{E6E52A1F-9EFE-4CA3-A674-21E85D82B952}.Release|Any CPU.ActiveCfg = Release|Any CPU
		{E6E52A1F-9EFE-4CA3-A674-21E85D82B952}.Release|Any CPU.Build.0 = Release|Any CPU
		{0F3560AC-451B-497C-B3FE-D5C6CA1BB2DD}.Debug|Any CPU.ActiveCfg = Debug|Any CPU
		{0F3560AC-451B-497C-B3FE-D5C6CA1BB2DD}.Debug|Any CPU.Build.0 = Debug|Any CPU
		{0F3560AC-451B-497C-B3FE-D5C6CA1BB2DD}.Release|Any CPU.ActiveCfg = Release|Any CPU
		{0F3560AC-451B-497C-B3FE-D5C6CA1BB2DD}.Release|Any CPU.Build.0 = Release|Any CPU
		{036495D5-1FAA-4D65-9797-9A4AB4B1B139}.Debug|Any CPU.ActiveCfg = Debug|Any CPU
		{036495D5-1FAA-4D65-9797-9A4AB4B1B139}.Debug|Any CPU.Build.0 = Debug|Any CPU
		{036495D5-1FAA-4D65-9797-9A4AB4B1B139}.Release|Any CPU.ActiveCfg = Release|Any CPU
		{036495D5-1FAA-4D65-9797-9A4AB4B1B139}.Release|Any CPU.Build.0 = Release|Any CPU
		{46906E85-C451-4FBB-983B-E3E3D72762F1}.Debug|Any CPU.ActiveCfg = Debug|Any CPU
		{46906E85-C451-4FBB-983B-E3E3D72762F1}.Debug|Any CPU.Build.0 = Debug|Any CPU
		{46906E85-C451-4FBB-983B-E3E3D72762F1}.Release|Any CPU.ActiveCfg = Release|Any CPU
		{46906E85-C451-4FBB-983B-E3E3D72762F1}.Release|Any CPU.Build.0 = Release|Any CPU
		{7A110938-CDB5-4B45-8E10-AF37DCDD91B7}.Debug|Any CPU.ActiveCfg = Debug|Any CPU
		{7A110938-CDB5-4B45-8E10-AF37DCDD91B7}.Debug|Any CPU.Build.0 = Debug|Any CPU
		{7A110938-CDB5-4B45-8E10-AF37DCDD91B7}.Release|Any CPU.ActiveCfg = Release|Any CPU
		{7A110938-CDB5-4B45-8E10-AF37DCDD91B7}.Release|Any CPU.Build.0 = Release|Any CPU
		{40DF7A1B-9B1F-4943-BEA4-4EB2B20C31C5}.Debug|Any CPU.ActiveCfg = Debug|Any CPU
		{40DF7A1B-9B1F-4943-BEA4-4EB2B20C31C5}.Debug|Any CPU.Build.0 = Debug|Any CPU
		{40DF7A1B-9B1F-4943-BEA4-4EB2B20C31C5}.Release|Any CPU.ActiveCfg = Release|Any CPU
		{40DF7A1B-9B1F-4943-BEA4-4EB2B20C31C5}.Release|Any CPU.Build.0 = Release|Any CPU
		{967AF62A-3623-4EA5-9303-71575C275482}.Debug|Any CPU.ActiveCfg = Debug|Any CPU
		{967AF62A-3623-4EA5-9303-71575C275482}.Debug|Any CPU.Build.0 = Debug|Any CPU
		{967AF62A-3623-4EA5-9303-71575C275482}.Release|Any CPU.ActiveCfg = Release|Any CPU
		{967AF62A-3623-4EA5-9303-71575C275482}.Release|Any CPU.Build.0 = Release|Any CPU
		{3C1C8086-886F-4B27-B3F2-9198F31362E1}.Debug|Any CPU.ActiveCfg = Debug|Any CPU
		{3C1C8086-886F-4B27-B3F2-9198F31362E1}.Debug|Any CPU.Build.0 = Debug|Any CPU
		{3C1C8086-886F-4B27-B3F2-9198F31362E1}.Release|Any CPU.ActiveCfg = Release|Any CPU
		{3C1C8086-886F-4B27-B3F2-9198F31362E1}.Release|Any CPU.Build.0 = Release|Any CPU
		{0907776F-78FA-4569-9B45-73D81C796956}.Debug|Any CPU.ActiveCfg = Debug|Any CPU
		{0907776F-78FA-4569-9B45-73D81C796956}.Debug|Any CPU.Build.0 = Debug|Any CPU
		{0907776F-78FA-4569-9B45-73D81C796956}.Release|Any CPU.ActiveCfg = Release|Any CPU
		{0907776F-78FA-4569-9B45-73D81C796956}.Release|Any CPU.Build.0 = Release|Any CPU
		{DA74F6DF-0536-4EBE-B376-E4C958977D2B}.Debug|Any CPU.ActiveCfg = Debug|Any CPU
		{DA74F6DF-0536-4EBE-B376-E4C958977D2B}.Debug|Any CPU.Build.0 = Debug|Any CPU
		{DA74F6DF-0536-4EBE-B376-E4C958977D2B}.Release|Any CPU.ActiveCfg = Release|Any CPU
		{DA74F6DF-0536-4EBE-B376-E4C958977D2B}.Release|Any CPU.Build.0 = Release|Any CPU
		{9549F519-342D-4E6C-A8FC-045A27491E08}.Debug|Any CPU.ActiveCfg = Debug|Any CPU
		{9549F519-342D-4E6C-A8FC-045A27491E08}.Debug|Any CPU.Build.0 = Debug|Any CPU
		{9549F519-342D-4E6C-A8FC-045A27491E08}.Release|Any CPU.ActiveCfg = Release|Any CPU
		{9549F519-342D-4E6C-A8FC-045A27491E08}.Release|Any CPU.Build.0 = Release|Any CPU
		{8D6E538A-0832-4E2D-B124-33F7A1740C88}.Debug|Any CPU.ActiveCfg = Debug|Any CPU
		{8D6E538A-0832-4E2D-B124-33F7A1740C88}.Debug|Any CPU.Build.0 = Debug|Any CPU
		{8D6E538A-0832-4E2D-B124-33F7A1740C88}.Release|Any CPU.ActiveCfg = Release|Any CPU
		{8D6E538A-0832-4E2D-B124-33F7A1740C88}.Release|Any CPU.Build.0 = Release|Any CPU
		{BBC78253-8E6B-4150-BF20-F775447C0A68}.Debug|Any CPU.ActiveCfg = Debug|Any CPU
		{BBC78253-8E6B-4150-BF20-F775447C0A68}.Debug|Any CPU.Build.0 = Debug|Any CPU
		{BBC78253-8E6B-4150-BF20-F775447C0A68}.Release|Any CPU.ActiveCfg = Release|Any CPU
		{BBC78253-8E6B-4150-BF20-F775447C0A68}.Release|Any CPU.Build.0 = Release|Any CPU
		{14E279AF-AC9B-496D-8517-810978CED954}.Debug|Any CPU.ActiveCfg = Debug|Any CPU
		{14E279AF-AC9B-496D-8517-810978CED954}.Debug|Any CPU.Build.0 = Debug|Any CPU
		{14E279AF-AC9B-496D-8517-810978CED954}.Release|Any CPU.ActiveCfg = Release|Any CPU
		{14E279AF-AC9B-496D-8517-810978CED954}.Release|Any CPU.Build.0 = Release|Any CPU
		{E6CDC2E5-3EAD-44A0-A2E3-074004316615}.Debug|Any CPU.ActiveCfg = Debug|Any CPU
		{E6CDC2E5-3EAD-44A0-A2E3-074004316615}.Debug|Any CPU.Build.0 = Debug|Any CPU
		{E6CDC2E5-3EAD-44A0-A2E3-074004316615}.Release|Any CPU.ActiveCfg = Release|Any CPU
		{E6CDC2E5-3EAD-44A0-A2E3-074004316615}.Release|Any CPU.Build.0 = Release|Any CPU
		{2B4A3F7D-78E4-4AD0-814E-CE9F8EAA625B}.Debug|Any CPU.ActiveCfg = Debug|Any CPU
		{2B4A3F7D-78E4-4AD0-814E-CE9F8EAA625B}.Debug|Any CPU.Build.0 = Debug|Any CPU
		{2B4A3F7D-78E4-4AD0-814E-CE9F8EAA625B}.Release|Any CPU.ActiveCfg = Release|Any CPU
		{2B4A3F7D-78E4-4AD0-814E-CE9F8EAA625B}.Release|Any CPU.Build.0 = Release|Any CPU
		{D2583538-B25D-48B4-88C4-B718E63BA49A}.Debug|Any CPU.ActiveCfg = Debug|Any CPU
		{D2583538-B25D-48B4-88C4-B718E63BA49A}.Debug|Any CPU.Build.0 = Debug|Any CPU
		{D2583538-B25D-48B4-88C4-B718E63BA49A}.Release|Any CPU.ActiveCfg = Release|Any CPU
		{D2583538-B25D-48B4-88C4-B718E63BA49A}.Release|Any CPU.Build.0 = Release|Any CPU
	EndGlobalSection
	GlobalSection(SolutionProperties) = preSolution
		HideSolutionNode = FALSE
	EndGlobalSection
	GlobalSection(ExtensibilityGlobals) = postSolution
		SolutionGuid = {D2567B5E-ABB5-426F-A1B1-C839912A8892}
	EndGlobalSection
EndGlobal
