
Microsoft Visual Studio Solution File, Format Version 12.00
# Visual Studio Version 16
VisualStudioVersion = 16.0.29709.97
MinimumVisualStudioVersion = 10.0.40219.1
Project("{FAE04EC0-301F-11D3-BF4B-00C04F79EFBC}") = "01. National Court", "01. National Court\01. National Court.csproj", "{DB5EE6EB-13BD-4898-BFE6-D49D8AF1293B}"
EndProject
Project("{FAE04EC0-301F-11D3-BF4B-00C04F79EFBC}") = "02. Shopping List", "02. Shopping List\02. Shopping List.csproj", "{A3427BDC-8D70-4764-A225-E5919F36822F}"
EndProject
Project("{FAE04EC0-301F-11D3-BF4B-00C04F79EFBC}") = "03. Heart Delivery", "03. Heart Delivery\03. Heart Delivery.csproj", "{BDF64450-B0DD-47E3-B644-85C145E7A407}"
EndProject
Global
	GlobalSection(SolutionConfigurationPlatforms) = preSolution
		Debug|Any CPU = Debug|Any CPU
		Release|Any CPU = Release|Any CPU
	EndGlobalSection
	GlobalSection(ProjectConfigurationPlatforms) = postSolution
		{DB5EE6EB-13BD-4898-BFE6-D49D8AF1293B}.Debug|Any CPU.ActiveCfg = Debug|Any CPU
		{DB5EE6EB-13BD-4898-BFE6-D49D8AF1293B}.Debug|Any CPU.Build.0 = Debug|Any CPU
		{DB5EE6EB-13BD-4898-BFE6-D49D8AF1293B}.Release|Any CPU.ActiveCfg = Release|Any CPU
		{DB5EE6EB-13BD-4898-BFE6-D49D8AF1293B}.Release|Any CPU.Build.0 = Release|Any CPU
		{A3427BDC-8D70-4764-A225-E5919F36822F}.Debug|Any CPU.ActiveCfg = Debug|Any CPU
		{A3427BDC-8D70-4764-A225-E5919F36822F}.Debug|Any CPU.Build.0 = Debug|Any CPU
		{A3427BDC-8D70-4764-A225-E5919F36822F}.Release|Any CPU.ActiveCfg = Release|Any CPU
		{A3427BDC-8D70-4764-A225-E5919F36822F}.Release|Any CPU.Build.0 = Release|Any CPU
		{BDF64450-B0DD-47E3-B644-85C145E7A407}.Debug|Any CPU.ActiveCfg = Debug|Any CPU
		{BDF64450-B0DD-47E3-B644-85C145E7A407}.Debug|Any CPU.Build.0 = Debug|Any CPU
		{BDF64450-B0DD-47E3-B644-85C145E7A407}.Release|Any CPU.ActiveCfg = Release|Any CPU
		{BDF64450-B0DD-47E3-B644-85C145E7A407}.Release|Any CPU.Build.0 = Release|Any CPU
	EndGlobalSection
	GlobalSection(SolutionProperties) = preSolution
		HideSolutionNode = FALSE
	EndGlobalSection
	GlobalSection(ExtensibilityGlobals) = postSolution
		SolutionGuid = {55A0D925-1F96-44E7-85F1-369C59C6C1B4}
	EndGlobalSection
EndGlobal
