
Microsoft Visual Studio Solution File, Format Version 12.00
# Visual Studio Version 16
VisualStudioVersion = 16.0.29709.97
MinimumVisualStudioVersion = 10.0.40219.1
Project("{9A19103F-16F7-4668-BE54-9A1E7A4F7556}") = "01 Day of Week", "01 Day of Week\01 Day of Week.csproj", "{CCD21E48-92FD-4942-84AD-6AE40A61FC46}"
EndProject
Project("{9A19103F-16F7-4668-BE54-9A1E7A4F7556}") = "02 Randomize Words", "02 Randomize Words\02 Randomize Words.csproj", "{2126761A-6F58-40E5-9576-D6D63615328C}"
EndProject
Project("{9A19103F-16F7-4668-BE54-9A1E7A4F7556}") = "03 Big Factorial", "03 Big Factorial\03 Big Factorial.csproj", "{70F58126-077B-4E97-B98E-97232B574831}"
EndProject
Project("{9A19103F-16F7-4668-BE54-9A1E7A4F7556}") = "04 Songs", "04 Songs\04 Songs.csproj", "{EA536CE1-5064-4CB1-B187-FE1A4A668C0F}"
EndProject
Project("{9A19103F-16F7-4668-BE54-9A1E7A4F7556}") = "05 Students", "05 Students\05 Students.csproj", "{7D1D051F-EABD-4F88-934C-75EAA1CC6989}"
EndProject
Project("{9A19103F-16F7-4668-BE54-9A1E7A4F7556}") = "06 Students V2.0", "06 Students V2.0\06 Students V2.0.csproj", "{23C10480-72D2-4FD9-B6C9-D78EF4FDC6E7}"
EndProject
Project("{9A19103F-16F7-4668-BE54-9A1E7A4F7556}") = "07 Store Boxes", "07 Store Boxes\07 Store Boxes.csproj", "{6932992F-C6BD-4CE2-B16C-40FAFD92122D}"
EndProject
Project("{9A19103F-16F7-4668-BE54-9A1E7A4F7556}") = "08 Vehicle Catalogue", "08 Vehicle Catalogue\08 Vehicle Catalogue.csproj", "{9F2823C4-EDBD-4D0C-9F6C-00F441929E8F}"
EndProject
Project("{9A19103F-16F7-4668-BE54-9A1E7A4F7556}") = "Exercise 01 Advertisement Message", "Exercise 01 Advertisement Message\Exercise 01 Advertisement Message.csproj", "{6D4A5DEF-49B0-4DC3-B6C6-DB92839B47F0}"
EndProject
Project("{9A19103F-16F7-4668-BE54-9A1E7A4F7556}") = "Exercise 02 Articles", "Exercise 02 Articles\Exercise 02 Articles.csproj", "{985C336B-5E9A-45B7-B7C2-A67732B4604A}"
EndProject
Project("{FAE04EC0-301F-11D3-BF4B-00C04F79EFBC}") = "Exercise 03 Articles V2.0", "Exercise 03 Articles V2.0\Exercise 03 Articles V2.0.csproj", "{73719F1E-1C3A-4FEF-BFA2-006B9FA67504}"
EndProject
Project("{FAE04EC0-301F-11D3-BF4B-00C04F79EFBC}") = "Exercise 04 Students", "Exercise 04 Students\Exercise 04 Students.csproj", "{B12AA908-B82C-4C2F-BFED-3F518239DFE2}"
EndProject
Project("{FAE04EC0-301F-11D3-BF4B-00C04F79EFBC}") = "Exercise 05 Teamwork projects", "Exercise 05 Teamwork projects\Exercise 05 Teamwork projects.csproj", "{A9903988-2977-48AC-8931-CD6EF2CA900A}"
EndProject
Project("{FAE04EC0-301F-11D3-BF4B-00C04F79EFBC}") = "Exercise 06 Vehicle Catalogue", "Exercise 06 Vehicle Catalogue\Exercise 06 Vehicle Catalogue.csproj", "{BD2A88B7-420D-452C-AE25-3C9A65D8ADCD}"
EndProject
Project("{FAE04EC0-301F-11D3-BF4B-00C04F79EFBC}") = "Exercise 07 Order by Age", "Exercise 07 Order by Age\Exercise 07 Order by Age.csproj", "{84828FF0-7BA4-4E42-9A0F-75BB336FD8EE}"
EndProject
Global
	GlobalSection(SolutionConfigurationPlatforms) = preSolution
		Debug|Any CPU = Debug|Any CPU
		Release|Any CPU = Release|Any CPU
	EndGlobalSection
	GlobalSection(ProjectConfigurationPlatforms) = postSolution
		{CCD21E48-92FD-4942-84AD-6AE40A61FC46}.Debug|Any CPU.ActiveCfg = Debug|Any CPU
		{CCD21E48-92FD-4942-84AD-6AE40A61FC46}.Debug|Any CPU.Build.0 = Debug|Any CPU
		{CCD21E48-92FD-4942-84AD-6AE40A61FC46}.Release|Any CPU.ActiveCfg = Release|Any CPU
		{CCD21E48-92FD-4942-84AD-6AE40A61FC46}.Release|Any CPU.Build.0 = Release|Any CPU
		{2126761A-6F58-40E5-9576-D6D63615328C}.Debug|Any CPU.ActiveCfg = Debug|Any CPU
		{2126761A-6F58-40E5-9576-D6D63615328C}.Debug|Any CPU.Build.0 = Debug|Any CPU
		{2126761A-6F58-40E5-9576-D6D63615328C}.Release|Any CPU.ActiveCfg = Release|Any CPU
		{2126761A-6F58-40E5-9576-D6D63615328C}.Release|Any CPU.Build.0 = Release|Any CPU
		{70F58126-077B-4E97-B98E-97232B574831}.Debug|Any CPU.ActiveCfg = Debug|Any CPU
		{70F58126-077B-4E97-B98E-97232B574831}.Debug|Any CPU.Build.0 = Debug|Any CPU
		{70F58126-077B-4E97-B98E-97232B574831}.Release|Any CPU.ActiveCfg = Release|Any CPU
		{70F58126-077B-4E97-B98E-97232B574831}.Release|Any CPU.Build.0 = Release|Any CPU
		{EA536CE1-5064-4CB1-B187-FE1A4A668C0F}.Debug|Any CPU.ActiveCfg = Debug|Any CPU
		{EA536CE1-5064-4CB1-B187-FE1A4A668C0F}.Debug|Any CPU.Build.0 = Debug|Any CPU
		{EA536CE1-5064-4CB1-B187-FE1A4A668C0F}.Release|Any CPU.ActiveCfg = Release|Any CPU
		{EA536CE1-5064-4CB1-B187-FE1A4A668C0F}.Release|Any CPU.Build.0 = Release|Any CPU
		{7D1D051F-EABD-4F88-934C-75EAA1CC6989}.Debug|Any CPU.ActiveCfg = Debug|Any CPU
		{7D1D051F-EABD-4F88-934C-75EAA1CC6989}.Debug|Any CPU.Build.0 = Debug|Any CPU
		{7D1D051F-EABD-4F88-934C-75EAA1CC6989}.Release|Any CPU.ActiveCfg = Release|Any CPU
		{7D1D051F-EABD-4F88-934C-75EAA1CC6989}.Release|Any CPU.Build.0 = Release|Any CPU
		{23C10480-72D2-4FD9-B6C9-D78EF4FDC6E7}.Debug|Any CPU.ActiveCfg = Debug|Any CPU
		{23C10480-72D2-4FD9-B6C9-D78EF4FDC6E7}.Debug|Any CPU.Build.0 = Debug|Any CPU
		{23C10480-72D2-4FD9-B6C9-D78EF4FDC6E7}.Release|Any CPU.ActiveCfg = Release|Any CPU
		{23C10480-72D2-4FD9-B6C9-D78EF4FDC6E7}.Release|Any CPU.Build.0 = Release|Any CPU
		{6932992F-C6BD-4CE2-B16C-40FAFD92122D}.Debug|Any CPU.ActiveCfg = Debug|Any CPU
		{6932992F-C6BD-4CE2-B16C-40FAFD92122D}.Debug|Any CPU.Build.0 = Debug|Any CPU
		{6932992F-C6BD-4CE2-B16C-40FAFD92122D}.Release|Any CPU.ActiveCfg = Release|Any CPU
		{6932992F-C6BD-4CE2-B16C-40FAFD92122D}.Release|Any CPU.Build.0 = Release|Any CPU
		{9F2823C4-EDBD-4D0C-9F6C-00F441929E8F}.Debug|Any CPU.ActiveCfg = Debug|Any CPU
		{9F2823C4-EDBD-4D0C-9F6C-00F441929E8F}.Debug|Any CPU.Build.0 = Debug|Any CPU
		{9F2823C4-EDBD-4D0C-9F6C-00F441929E8F}.Release|Any CPU.ActiveCfg = Release|Any CPU
		{9F2823C4-EDBD-4D0C-9F6C-00F441929E8F}.Release|Any CPU.Build.0 = Release|Any CPU
		{6D4A5DEF-49B0-4DC3-B6C6-DB92839B47F0}.Debug|Any CPU.ActiveCfg = Debug|Any CPU
		{6D4A5DEF-49B0-4DC3-B6C6-DB92839B47F0}.Debug|Any CPU.Build.0 = Debug|Any CPU
		{6D4A5DEF-49B0-4DC3-B6C6-DB92839B47F0}.Release|Any CPU.ActiveCfg = Release|Any CPU
		{6D4A5DEF-49B0-4DC3-B6C6-DB92839B47F0}.Release|Any CPU.Build.0 = Release|Any CPU
		{985C336B-5E9A-45B7-B7C2-A67732B4604A}.Debug|Any CPU.ActiveCfg = Debug|Any CPU
		{985C336B-5E9A-45B7-B7C2-A67732B4604A}.Debug|Any CPU.Build.0 = Debug|Any CPU
		{985C336B-5E9A-45B7-B7C2-A67732B4604A}.Release|Any CPU.ActiveCfg = Release|Any CPU
		{985C336B-5E9A-45B7-B7C2-A67732B4604A}.Release|Any CPU.Build.0 = Release|Any CPU
		{73719F1E-1C3A-4FEF-BFA2-006B9FA67504}.Debug|Any CPU.ActiveCfg = Debug|Any CPU
		{73719F1E-1C3A-4FEF-BFA2-006B9FA67504}.Debug|Any CPU.Build.0 = Debug|Any CPU
		{73719F1E-1C3A-4FEF-BFA2-006B9FA67504}.Release|Any CPU.ActiveCfg = Release|Any CPU
		{73719F1E-1C3A-4FEF-BFA2-006B9FA67504}.Release|Any CPU.Build.0 = Release|Any CPU
		{B12AA908-B82C-4C2F-BFED-3F518239DFE2}.Debug|Any CPU.ActiveCfg = Debug|Any CPU
		{B12AA908-B82C-4C2F-BFED-3F518239DFE2}.Debug|Any CPU.Build.0 = Debug|Any CPU
		{B12AA908-B82C-4C2F-BFED-3F518239DFE2}.Release|Any CPU.ActiveCfg = Release|Any CPU
		{B12AA908-B82C-4C2F-BFED-3F518239DFE2}.Release|Any CPU.Build.0 = Release|Any CPU
		{A9903988-2977-48AC-8931-CD6EF2CA900A}.Debug|Any CPU.ActiveCfg = Debug|Any CPU
		{A9903988-2977-48AC-8931-CD6EF2CA900A}.Debug|Any CPU.Build.0 = Debug|Any CPU
		{A9903988-2977-48AC-8931-CD6EF2CA900A}.Release|Any CPU.ActiveCfg = Release|Any CPU
		{A9903988-2977-48AC-8931-CD6EF2CA900A}.Release|Any CPU.Build.0 = Release|Any CPU
		{BD2A88B7-420D-452C-AE25-3C9A65D8ADCD}.Debug|Any CPU.ActiveCfg = Debug|Any CPU
		{BD2A88B7-420D-452C-AE25-3C9A65D8ADCD}.Debug|Any CPU.Build.0 = Debug|Any CPU
		{BD2A88B7-420D-452C-AE25-3C9A65D8ADCD}.Release|Any CPU.ActiveCfg = Release|Any CPU
		{BD2A88B7-420D-452C-AE25-3C9A65D8ADCD}.Release|Any CPU.Build.0 = Release|Any CPU
		{84828FF0-7BA4-4E42-9A0F-75BB336FD8EE}.Debug|Any CPU.ActiveCfg = Debug|Any CPU
		{84828FF0-7BA4-4E42-9A0F-75BB336FD8EE}.Debug|Any CPU.Build.0 = Debug|Any CPU
		{84828FF0-7BA4-4E42-9A0F-75BB336FD8EE}.Release|Any CPU.ActiveCfg = Release|Any CPU
		{84828FF0-7BA4-4E42-9A0F-75BB336FD8EE}.Release|Any CPU.Build.0 = Release|Any CPU
	EndGlobalSection
	GlobalSection(SolutionProperties) = preSolution
		HideSolutionNode = FALSE
	EndGlobalSection
	GlobalSection(ExtensibilityGlobals) = postSolution
		SolutionGuid = {2164967C-7812-45C2-BED5-EE0F5C19B37E}
	EndGlobalSection
EndGlobal
