
Microsoft Visual Studio Solution File, Format Version 12.00
# Visual Studio Version 16
VisualStudioVersion = 16.0.29709.97
MinimumVisualStudioVersion = 10.0.40219.1
Project("{FAE04EC0-301F-11D3-BF4B-00C04F79EFBC}") = "01 Sign of Integer Numbers", "01 Sign of Integer Numbers\01 Sign of Integer Numbers.csproj", "{7F182BF0-AEA3-456E-8568-FCD11F48F7C5}"
EndProject
Project("{FAE04EC0-301F-11D3-BF4B-00C04F79EFBC}") = "02 Grades", "02 Grades\02 Grades.csproj", "{3D0FE365-016A-46CA-BFED-FC4E256C118D}"
EndProject
Project("{FAE04EC0-301F-11D3-BF4B-00C04F79EFBC}") = "03 Calculations", "03 Calculations\03 Calculations.csproj", "{B06B7FE9-0985-40A4-8361-18E8CE9F326F}"
EndProject
Global
	GlobalSection(SolutionConfigurationPlatforms) = preSolution
		Debug|Any CPU = Debug|Any CPU
		Release|Any CPU = Release|Any CPU
	EndGlobalSection
	GlobalSection(ProjectConfigurationPlatforms) = postSolution
		{7F182BF0-AEA3-456E-8568-FCD11F48F7C5}.Debug|Any CPU.ActiveCfg = Debug|Any CPU
		{7F182BF0-AEA3-456E-8568-FCD11F48F7C5}.Debug|Any CPU.Build.0 = Debug|Any CPU
		{7F182BF0-AEA3-456E-8568-FCD11F48F7C5}.Release|Any CPU.ActiveCfg = Release|Any CPU
		{7F182BF0-AEA3-456E-8568-FCD11F48F7C5}.Release|Any CPU.Build.0 = Release|Any CPU
		{3D0FE365-016A-46CA-BFED-FC4E256C118D}.Debug|Any CPU.ActiveCfg = Debug|Any CPU
		{3D0FE365-016A-46CA-BFED-FC4E256C118D}.Debug|Any CPU.Build.0 = Debug|Any CPU
		{3D0FE365-016A-46CA-BFED-FC4E256C118D}.Release|Any CPU.ActiveCfg = Release|Any CPU
		{3D0FE365-016A-46CA-BFED-FC4E256C118D}.Release|Any CPU.Build.0 = Release|Any CPU
		{B06B7FE9-0985-40A4-8361-18E8CE9F326F}.Debug|Any CPU.ActiveCfg = Debug|Any CPU
		{B06B7FE9-0985-40A4-8361-18E8CE9F326F}.Debug|Any CPU.Build.0 = Debug|Any CPU
		{B06B7FE9-0985-40A4-8361-18E8CE9F326F}.Release|Any CPU.ActiveCfg = Release|Any CPU
		{B06B7FE9-0985-40A4-8361-18E8CE9F326F}.Release|Any CPU.Build.0 = Release|Any CPU
	EndGlobalSection
	GlobalSection(SolutionProperties) = preSolution
		HideSolutionNode = FALSE
	EndGlobalSection
	GlobalSection(ExtensibilityGlobals) = postSolution
		SolutionGuid = {A083E004-C50B-440F-9D2B-9D178606E4A0}
	EndGlobalSection
EndGlobal
