
Microsoft Visual Studio Solution File, Format Version 12.00
# Visual Studio Version 16
VisualStudioVersion = 16.0.29709.97
MinimumVisualStudioVersion = 10.0.40219.1
Project("{9A19103F-16F7-4668-BE54-9A1E7A4F7556}") = "01 Sign of Integer Numbers", "01 Sign of Integer Numbers\01 Sign of Integer Numbers.csproj", "{7F182BF0-AEA3-456E-8568-FCD11F48F7C5}"
EndProject
Project("{9A19103F-16F7-4668-BE54-9A1E7A4F7556}") = "02 Grades", "02 Grades\02 Grades.csproj", "{3D0FE365-016A-46CA-BFED-FC4E256C118D}"
EndProject
Project("{9A19103F-16F7-4668-BE54-9A1E7A4F7556}") = "03 Calculations", "03 Calculations\03 Calculations.csproj", "{B06B7FE9-0985-40A4-8361-18E8CE9F326F}"
EndProject
Project("{FAE04EC0-301F-11D3-BF4B-00C04F79EFBC}") = "05 Orders", "05 Orders\05 Orders.csproj", "{E10F6D2C-90D8-4202-8598-969B37E45AC2}"
EndProject
Project("{FAE04EC0-301F-11D3-BF4B-00C04F79EFBC}") = "06 Calculate Rectangle Area", "06 Calculate Rectangle Area\06 Calculate Rectangle Area.csproj", "{B5564259-4765-42D9-B566-9B620CFED405}"
EndProject
Project("{FAE04EC0-301F-11D3-BF4B-00C04F79EFBC}") = "07 Repeat String", "07 Repeat String\07 Repeat String.csproj", "{8A0E3C81-D223-45EA-838A-8895D6D304AA}"
EndProject
Project("{FAE04EC0-301F-11D3-BF4B-00C04F79EFBC}") = "08 Math Power", "08 Math Power\08 Math Power.csproj", "{C82587DB-1683-4F3F-9C97-F3CD5451FF0F}"
EndProject
Project("{FAE04EC0-301F-11D3-BF4B-00C04F79EFBC}") = "09 Greater of Two Values", "09 Greater of Two Values\09 Greater of Two Values.csproj", "{7972921F-D800-459F-92E8-DCE506284C38}"
EndProject
Project("{FAE04EC0-301F-11D3-BF4B-00C04F79EFBC}") = "10 Multiply Evens by Odds", "10 Multiply Evens by Odds\10 Multiply Evens by Odds.csproj", "{7E76B337-3A14-4A79-A8EA-4C81CFA0FB30}"
EndProject
Project("{FAE04EC0-301F-11D3-BF4B-00C04F79EFBC}") = "11 Math operations", "11 Math operations\11 Math operations.csproj", "{72AC7720-9561-456A-8E76-BF179A6A6478}"
EndProject
Project("{FAE04EC0-301F-11D3-BF4B-00C04F79EFBC}") = "04 PrintingTriangle", "04 PrintingTriangle\04 PrintingTriangle.csproj", "{CFA8B873-2D09-40FA-ADF9-4D2116746E55}"
EndProject
Project("{FAE04EC0-301F-11D3-BF4B-00C04F79EFBC}") = "Exercise 01 Smallest of Three Numbers", "Exercise 01 Smallest of Three Numbers\Exercise 01 Smallest of Three Numbers.csproj", "{720F9063-0DFF-49FA-957F-F47F73124FB2}"
EndProject
Project("{FAE04EC0-301F-11D3-BF4B-00C04F79EFBC}") = "Exercise 02 Vowels Count", "Exercise 02 Vowels Count\Exercise 02 Vowels Count.csproj", "{5CA27C12-8620-4BA2-816A-C7F4AB5C4B28}"
EndProject
Project("{FAE04EC0-301F-11D3-BF4B-00C04F79EFBC}") = "Exercise 03 Characters in Range", "Exercise 03 Characters in Range\Exercise 03 Characters in Range.csproj", "{07DD9707-2108-4425-AD5D-8F1FDD5D0B18}"
EndProject
Project("{FAE04EC0-301F-11D3-BF4B-00C04F79EFBC}") = "Exercise 04 Password Validator", "Exercise 04 Password Validator\Exercise 04 Password Validator.csproj", "{1AD015F6-049C-4232-ADDE-9D6A1B4AE177}"
EndProject
Project("{FAE04EC0-301F-11D3-BF4B-00C04F79EFBC}") = "Exercise 05 Add and Subtract", "Exercise 05 Add and Subtract\Exercise 05 Add and Subtract.csproj", "{8FF54B46-8675-4B5D-BA39-E52CC9C5EDE8}"
EndProject
Project("{FAE04EC0-301F-11D3-BF4B-00C04F79EFBC}") = "Exercise 06 Middle Characters", "Exercise 06 Middle Characters\Exercise 06 Middle Characters.csproj", "{3280C8EB-20D1-41C3-A1C5-A777CF6B60CE}"
EndProject
Project("{FAE04EC0-301F-11D3-BF4B-00C04F79EFBC}") = "Exercise 07 NxN Matrix", "Exercise 07 NxN Matrix\Exercise 07 NxN Matrix.csproj", "{87059CA3-B554-4EF6-9518-DD001DC8EC8F}"
EndProject
Project("{FAE04EC0-301F-11D3-BF4B-00C04F79EFBC}") = "Exercise 08 Factorial Division", "Exercise 08 Factorial Division\Exercise 08 Factorial Division.csproj", "{483E0C42-1502-419F-BC27-DA5076BAFC37}"
EndProject
Project("{FAE04EC0-301F-11D3-BF4B-00C04F79EFBC}") = "Exercise 09 Palindrome Integers", "Exercise 09 Palindrome Integers\Exercise 09 Palindrome Integers.csproj", "{40AB69CE-E17C-47E7-9805-2160684C40BC}"
EndProject
Project("{FAE04EC0-301F-11D3-BF4B-00C04F79EFBC}") = "Exercise 10 Top Number", "Exercise 10 Top Number\Exercise 10 Top Number.csproj", "{FCA0E170-175F-4F1D-950C-613B25ADE096}"
EndProject
Project("{FAE04EC0-301F-11D3-BF4B-00C04F79EFBC}") = "Exercise 11 Array Manipulation", "Exercise 11 Array Manipulation\Exercise 11 Array Manipulation.csproj", "{88754B05-7F00-4DB8-9107-7684FFBBA2A1}"
EndProject
Global
	GlobalSection(SolutionConfigurationPlatforms) = preSolution
		Debug|Any CPU = Debug|Any CPU
		Release|Any CPU = Release|Any CPU
	EndGlobalSection
	GlobalSection(ProjectConfigurationPlatforms) = postSolution
		{7F182BF0-AEA3-456E-8568-FCD11F48F7C5}.Debug|Any CPU.ActiveCfg = Debug|Any CPU
		{7F182BF0-AEA3-456E-8568-FCD11F48F7C5}.Debug|Any CPU.Build.0 = Debug|Any CPU
		{7F182BF0-AEA3-456E-8568-FCD11F48F7C5}.Release|Any CPU.ActiveCfg = Release|Any CPU
		{7F182BF0-AEA3-456E-8568-FCD11F48F7C5}.Release|Any CPU.Build.0 = Release|Any CPU
		{3D0FE365-016A-46CA-BFED-FC4E256C118D}.Debug|Any CPU.ActiveCfg = Debug|Any CPU
		{3D0FE365-016A-46CA-BFED-FC4E256C118D}.Debug|Any CPU.Build.0 = Debug|Any CPU
		{3D0FE365-016A-46CA-BFED-FC4E256C118D}.Release|Any CPU.ActiveCfg = Release|Any CPU
		{3D0FE365-016A-46CA-BFED-FC4E256C118D}.Release|Any CPU.Build.0 = Release|Any CPU
		{B06B7FE9-0985-40A4-8361-18E8CE9F326F}.Debug|Any CPU.ActiveCfg = Debug|Any CPU
		{B06B7FE9-0985-40A4-8361-18E8CE9F326F}.Debug|Any CPU.Build.0 = Debug|Any CPU
		{B06B7FE9-0985-40A4-8361-18E8CE9F326F}.Release|Any CPU.ActiveCfg = Release|Any CPU
		{B06B7FE9-0985-40A4-8361-18E8CE9F326F}.Release|Any CPU.Build.0 = Release|Any CPU
		{E10F6D2C-90D8-4202-8598-969B37E45AC2}.Debug|Any CPU.ActiveCfg = Debug|Any CPU
		{E10F6D2C-90D8-4202-8598-969B37E45AC2}.Debug|Any CPU.Build.0 = Debug|Any CPU
		{E10F6D2C-90D8-4202-8598-969B37E45AC2}.Release|Any CPU.ActiveCfg = Release|Any CPU
		{E10F6D2C-90D8-4202-8598-969B37E45AC2}.Release|Any CPU.Build.0 = Release|Any CPU
		{B5564259-4765-42D9-B566-9B620CFED405}.Debug|Any CPU.ActiveCfg = Debug|Any CPU
		{B5564259-4765-42D9-B566-9B620CFED405}.Debug|Any CPU.Build.0 = Debug|Any CPU
		{B5564259-4765-42D9-B566-9B620CFED405}.Release|Any CPU.ActiveCfg = Release|Any CPU
		{B5564259-4765-42D9-B566-9B620CFED405}.Release|Any CPU.Build.0 = Release|Any CPU
		{8A0E3C81-D223-45EA-838A-8895D6D304AA}.Debug|Any CPU.ActiveCfg = Debug|Any CPU
		{8A0E3C81-D223-45EA-838A-8895D6D304AA}.Debug|Any CPU.Build.0 = Debug|Any CPU
		{8A0E3C81-D223-45EA-838A-8895D6D304AA}.Release|Any CPU.ActiveCfg = Release|Any CPU
		{8A0E3C81-D223-45EA-838A-8895D6D304AA}.Release|Any CPU.Build.0 = Release|Any CPU
		{C82587DB-1683-4F3F-9C97-F3CD5451FF0F}.Debug|Any CPU.ActiveCfg = Debug|Any CPU
		{C82587DB-1683-4F3F-9C97-F3CD5451FF0F}.Debug|Any CPU.Build.0 = Debug|Any CPU
		{C82587DB-1683-4F3F-9C97-F3CD5451FF0F}.Release|Any CPU.ActiveCfg = Release|Any CPU
		{C82587DB-1683-4F3F-9C97-F3CD5451FF0F}.Release|Any CPU.Build.0 = Release|Any CPU
		{7972921F-D800-459F-92E8-DCE506284C38}.Debug|Any CPU.ActiveCfg = Debug|Any CPU
		{7972921F-D800-459F-92E8-DCE506284C38}.Debug|Any CPU.Build.0 = Debug|Any CPU
		{7972921F-D800-459F-92E8-DCE506284C38}.Release|Any CPU.ActiveCfg = Release|Any CPU
		{7972921F-D800-459F-92E8-DCE506284C38}.Release|Any CPU.Build.0 = Release|Any CPU
		{7E76B337-3A14-4A79-A8EA-4C81CFA0FB30}.Debug|Any CPU.ActiveCfg = Debug|Any CPU
		{7E76B337-3A14-4A79-A8EA-4C81CFA0FB30}.Debug|Any CPU.Build.0 = Debug|Any CPU
		{7E76B337-3A14-4A79-A8EA-4C81CFA0FB30}.Release|Any CPU.ActiveCfg = Release|Any CPU
		{7E76B337-3A14-4A79-A8EA-4C81CFA0FB30}.Release|Any CPU.Build.0 = Release|Any CPU
		{72AC7720-9561-456A-8E76-BF179A6A6478}.Debug|Any CPU.ActiveCfg = Debug|Any CPU
		{72AC7720-9561-456A-8E76-BF179A6A6478}.Debug|Any CPU.Build.0 = Debug|Any CPU
		{72AC7720-9561-456A-8E76-BF179A6A6478}.Release|Any CPU.ActiveCfg = Release|Any CPU
		{72AC7720-9561-456A-8E76-BF179A6A6478}.Release|Any CPU.Build.0 = Release|Any CPU
		{CFA8B873-2D09-40FA-ADF9-4D2116746E55}.Debug|Any CPU.ActiveCfg = Debug|Any CPU
		{CFA8B873-2D09-40FA-ADF9-4D2116746E55}.Debug|Any CPU.Build.0 = Debug|Any CPU
		{CFA8B873-2D09-40FA-ADF9-4D2116746E55}.Release|Any CPU.ActiveCfg = Release|Any CPU
		{CFA8B873-2D09-40FA-ADF9-4D2116746E55}.Release|Any CPU.Build.0 = Release|Any CPU
		{720F9063-0DFF-49FA-957F-F47F73124FB2}.Debug|Any CPU.ActiveCfg = Debug|Any CPU
		{720F9063-0DFF-49FA-957F-F47F73124FB2}.Debug|Any CPU.Build.0 = Debug|Any CPU
		{720F9063-0DFF-49FA-957F-F47F73124FB2}.Release|Any CPU.ActiveCfg = Release|Any CPU
		{720F9063-0DFF-49FA-957F-F47F73124FB2}.Release|Any CPU.Build.0 = Release|Any CPU
		{5CA27C12-8620-4BA2-816A-C7F4AB5C4B28}.Debug|Any CPU.ActiveCfg = Debug|Any CPU
		{5CA27C12-8620-4BA2-816A-C7F4AB5C4B28}.Debug|Any CPU.Build.0 = Debug|Any CPU
		{5CA27C12-8620-4BA2-816A-C7F4AB5C4B28}.Release|Any CPU.ActiveCfg = Release|Any CPU
		{5CA27C12-8620-4BA2-816A-C7F4AB5C4B28}.Release|Any CPU.Build.0 = Release|Any CPU
		{07DD9707-2108-4425-AD5D-8F1FDD5D0B18}.Debug|Any CPU.ActiveCfg = Debug|Any CPU
		{07DD9707-2108-4425-AD5D-8F1FDD5D0B18}.Debug|Any CPU.Build.0 = Debug|Any CPU
		{07DD9707-2108-4425-AD5D-8F1FDD5D0B18}.Release|Any CPU.ActiveCfg = Release|Any CPU
		{07DD9707-2108-4425-AD5D-8F1FDD5D0B18}.Release|Any CPU.Build.0 = Release|Any CPU
		{1AD015F6-049C-4232-ADDE-9D6A1B4AE177}.Debug|Any CPU.ActiveCfg = Debug|Any CPU
		{1AD015F6-049C-4232-ADDE-9D6A1B4AE177}.Debug|Any CPU.Build.0 = Debug|Any CPU
		{1AD015F6-049C-4232-ADDE-9D6A1B4AE177}.Release|Any CPU.ActiveCfg = Release|Any CPU
		{1AD015F6-049C-4232-ADDE-9D6A1B4AE177}.Release|Any CPU.Build.0 = Release|Any CPU
		{8FF54B46-8675-4B5D-BA39-E52CC9C5EDE8}.Debug|Any CPU.ActiveCfg = Debug|Any CPU
		{8FF54B46-8675-4B5D-BA39-E52CC9C5EDE8}.Debug|Any CPU.Build.0 = Debug|Any CPU
		{8FF54B46-8675-4B5D-BA39-E52CC9C5EDE8}.Release|Any CPU.ActiveCfg = Release|Any CPU
		{8FF54B46-8675-4B5D-BA39-E52CC9C5EDE8}.Release|Any CPU.Build.0 = Release|Any CPU
		{3280C8EB-20D1-41C3-A1C5-A777CF6B60CE}.Debug|Any CPU.ActiveCfg = Debug|Any CPU
		{3280C8EB-20D1-41C3-A1C5-A777CF6B60CE}.Debug|Any CPU.Build.0 = Debug|Any CPU
		{3280C8EB-20D1-41C3-A1C5-A777CF6B60CE}.Release|Any CPU.ActiveCfg = Release|Any CPU
		{3280C8EB-20D1-41C3-A1C5-A777CF6B60CE}.Release|Any CPU.Build.0 = Release|Any CPU
		{87059CA3-B554-4EF6-9518-DD001DC8EC8F}.Debug|Any CPU.ActiveCfg = Debug|Any CPU
		{87059CA3-B554-4EF6-9518-DD001DC8EC8F}.Debug|Any CPU.Build.0 = Debug|Any CPU
		{87059CA3-B554-4EF6-9518-DD001DC8EC8F}.Release|Any CPU.ActiveCfg = Release|Any CPU
		{87059CA3-B554-4EF6-9518-DD001DC8EC8F}.Release|Any CPU.Build.0 = Release|Any CPU
		{483E0C42-1502-419F-BC27-DA5076BAFC37}.Debug|Any CPU.ActiveCfg = Debug|Any CPU
		{483E0C42-1502-419F-BC27-DA5076BAFC37}.Debug|Any CPU.Build.0 = Debug|Any CPU
		{483E0C42-1502-419F-BC27-DA5076BAFC37}.Release|Any CPU.ActiveCfg = Release|Any CPU
		{483E0C42-1502-419F-BC27-DA5076BAFC37}.Release|Any CPU.Build.0 = Release|Any CPU
		{40AB69CE-E17C-47E7-9805-2160684C40BC}.Debug|Any CPU.ActiveCfg = Debug|Any CPU
		{40AB69CE-E17C-47E7-9805-2160684C40BC}.Debug|Any CPU.Build.0 = Debug|Any CPU
		{40AB69CE-E17C-47E7-9805-2160684C40BC}.Release|Any CPU.ActiveCfg = Release|Any CPU
		{40AB69CE-E17C-47E7-9805-2160684C40BC}.Release|Any CPU.Build.0 = Release|Any CPU
		{FCA0E170-175F-4F1D-950C-613B25ADE096}.Debug|Any CPU.ActiveCfg = Debug|Any CPU
		{FCA0E170-175F-4F1D-950C-613B25ADE096}.Debug|Any CPU.Build.0 = Debug|Any CPU
		{FCA0E170-175F-4F1D-950C-613B25ADE096}.Release|Any CPU.ActiveCfg = Release|Any CPU
		{FCA0E170-175F-4F1D-950C-613B25ADE096}.Release|Any CPU.Build.0 = Release|Any CPU
		{88754B05-7F00-4DB8-9107-7684FFBBA2A1}.Debug|Any CPU.ActiveCfg = Debug|Any CPU
		{88754B05-7F00-4DB8-9107-7684FFBBA2A1}.Debug|Any CPU.Build.0 = Debug|Any CPU
		{88754B05-7F00-4DB8-9107-7684FFBBA2A1}.Release|Any CPU.ActiveCfg = Release|Any CPU
		{88754B05-7F00-4DB8-9107-7684FFBBA2A1}.Release|Any CPU.Build.0 = Release|Any CPU
	EndGlobalSection
	GlobalSection(SolutionProperties) = preSolution
		HideSolutionNode = FALSE
	EndGlobalSection
	GlobalSection(ExtensibilityGlobals) = postSolution
		SolutionGuid = {A083E004-C50B-440F-9D2B-9D178606E4A0}
	EndGlobalSection
EndGlobal
