
Microsoft Visual Studio Solution File, Format Version 12.00
# Visual Studio Version 16
VisualStudioVersion = 16.0.29709.97
MinimumVisualStudioVersion = 10.0.40219.1
Project("{9A19103F-16F7-4668-BE54-9A1E7A4F7556}") = "01 StudentInformation", "01 StudentInformation\01 StudentInformation.csproj", "{7E9745B8-1F46-4A1F-9F1E-E0BAE76E2EF4}"
EndProject
Project("{9A19103F-16F7-4668-BE54-9A1E7A4F7556}") = "02 Passed", "02 Passed\02 Passed.csproj", "{78C69277-4968-479D-9B56-0820C9A5A0C5}"
EndProject
Project("{9A19103F-16F7-4668-BE54-9A1E7A4F7556}") = "03 PassedOrFailed", "03 PassedOrFailed\03 PassedOrFailed.csproj", "{4811813E-66A3-4FDD-A777-9426B9BFB7EB}"
EndProject
Project("{9A19103F-16F7-4668-BE54-9A1E7A4F7556}") = "04 BackIn30Minutes", "04 BackIn30Minutes\04 BackIn30Minutes.csproj", "{894AA4E1-8B31-4690-931A-8F1DA0B36151}"
EndProject
Project("{FAE04EC0-301F-11D3-BF4B-00C04F79EFBC}") = "05 Month Printer", "05 Month Printer\05 Month Printer.csproj", "{302A3541-F156-4CB7-BC93-9F1C23BC2F91}"
EndProject
Project("{FAE04EC0-301F-11D3-BF4B-00C04F79EFBC}") = "06 Foreign Languages", "06 Foreign Languages\06 Foreign Languages.csproj", "{A0E34EC9-AACF-49A4-A066-EE4B4FC67473}"
EndProject
Project("{FAE04EC0-301F-11D3-BF4B-00C04F79EFBC}") = "07 Theathre Promotion", "07 Theathre Promotion\07 Theathre Promotion.csproj", "{F2FEBCC9-FE06-4CD2-B8DE-E09BCF54E20A}"
EndProject
Project("{FAE04EC0-301F-11D3-BF4B-00C04F79EFBC}") = "08 Divisible by 3", "08 Divisible by 3\08 Divisible by 3.csproj", "{DC5D4F86-8C6E-4F56-9746-615B9C43C697}"
EndProject
Project("{FAE04EC0-301F-11D3-BF4B-00C04F79EFBC}") = "09 Sum of Odd Numbers", "09 Sum of Odd Numbers\09 Sum of Odd Numbers.csproj", "{A52CBDE0-E31F-4956-96F9-67E448DE5430}"
EndProject
Project("{FAE04EC0-301F-11D3-BF4B-00C04F79EFBC}") = "10 Multiplication Table", "10 Multiplication Table\10 Multiplication Table.csproj", "{409EB985-7710-41D9-AC7E-83C20A036243}"
EndProject
Project("{FAE04EC0-301F-11D3-BF4B-00C04F79EFBC}") = "11 Multiplication Table 2.0", "11 Multiplication Table 2.0\11 Multiplication Table 2.0.csproj", "{7DCDB9AF-A9F6-47B8-9721-CC9703529C1D}"
EndProject
Global
	GlobalSection(SolutionConfigurationPlatforms) = preSolution
		Debug|Any CPU = Debug|Any CPU
		Release|Any CPU = Release|Any CPU
	EndGlobalSection
	GlobalSection(ProjectConfigurationPlatforms) = postSolution
		{7E9745B8-1F46-4A1F-9F1E-E0BAE76E2EF4}.Debug|Any CPU.ActiveCfg = Debug|Any CPU
		{7E9745B8-1F46-4A1F-9F1E-E0BAE76E2EF4}.Debug|Any CPU.Build.0 = Debug|Any CPU
		{7E9745B8-1F46-4A1F-9F1E-E0BAE76E2EF4}.Release|Any CPU.ActiveCfg = Release|Any CPU
		{7E9745B8-1F46-4A1F-9F1E-E0BAE76E2EF4}.Release|Any CPU.Build.0 = Release|Any CPU
		{78C69277-4968-479D-9B56-0820C9A5A0C5}.Debug|Any CPU.ActiveCfg = Debug|Any CPU
		{78C69277-4968-479D-9B56-0820C9A5A0C5}.Debug|Any CPU.Build.0 = Debug|Any CPU
		{78C69277-4968-479D-9B56-0820C9A5A0C5}.Release|Any CPU.ActiveCfg = Release|Any CPU
		{78C69277-4968-479D-9B56-0820C9A5A0C5}.Release|Any CPU.Build.0 = Release|Any CPU
		{4811813E-66A3-4FDD-A777-9426B9BFB7EB}.Debug|Any CPU.ActiveCfg = Debug|Any CPU
		{4811813E-66A3-4FDD-A777-9426B9BFB7EB}.Debug|Any CPU.Build.0 = Debug|Any CPU
		{4811813E-66A3-4FDD-A777-9426B9BFB7EB}.Release|Any CPU.ActiveCfg = Release|Any CPU
		{4811813E-66A3-4FDD-A777-9426B9BFB7EB}.Release|Any CPU.Build.0 = Release|Any CPU
		{894AA4E1-8B31-4690-931A-8F1DA0B36151}.Debug|Any CPU.ActiveCfg = Debug|Any CPU
		{894AA4E1-8B31-4690-931A-8F1DA0B36151}.Debug|Any CPU.Build.0 = Debug|Any CPU
		{894AA4E1-8B31-4690-931A-8F1DA0B36151}.Release|Any CPU.ActiveCfg = Release|Any CPU
		{894AA4E1-8B31-4690-931A-8F1DA0B36151}.Release|Any CPU.Build.0 = Release|Any CPU
		{302A3541-F156-4CB7-BC93-9F1C23BC2F91}.Debug|Any CPU.ActiveCfg = Debug|Any CPU
		{302A3541-F156-4CB7-BC93-9F1C23BC2F91}.Debug|Any CPU.Build.0 = Debug|Any CPU
		{302A3541-F156-4CB7-BC93-9F1C23BC2F91}.Release|Any CPU.ActiveCfg = Release|Any CPU
		{302A3541-F156-4CB7-BC93-9F1C23BC2F91}.Release|Any CPU.Build.0 = Release|Any CPU
		{A0E34EC9-AACF-49A4-A066-EE4B4FC67473}.Debug|Any CPU.ActiveCfg = Debug|Any CPU
		{A0E34EC9-AACF-49A4-A066-EE4B4FC67473}.Debug|Any CPU.Build.0 = Debug|Any CPU
		{A0E34EC9-AACF-49A4-A066-EE4B4FC67473}.Release|Any CPU.ActiveCfg = Release|Any CPU
		{A0E34EC9-AACF-49A4-A066-EE4B4FC67473}.Release|Any CPU.Build.0 = Release|Any CPU
		{F2FEBCC9-FE06-4CD2-B8DE-E09BCF54E20A}.Debug|Any CPU.ActiveCfg = Debug|Any CPU
		{F2FEBCC9-FE06-4CD2-B8DE-E09BCF54E20A}.Debug|Any CPU.Build.0 = Debug|Any CPU
		{F2FEBCC9-FE06-4CD2-B8DE-E09BCF54E20A}.Release|Any CPU.ActiveCfg = Release|Any CPU
		{F2FEBCC9-FE06-4CD2-B8DE-E09BCF54E20A}.Release|Any CPU.Build.0 = Release|Any CPU
		{DC5D4F86-8C6E-4F56-9746-615B9C43C697}.Debug|Any CPU.ActiveCfg = Debug|Any CPU
		{DC5D4F86-8C6E-4F56-9746-615B9C43C697}.Debug|Any CPU.Build.0 = Debug|Any CPU
		{DC5D4F86-8C6E-4F56-9746-615B9C43C697}.Release|Any CPU.ActiveCfg = Release|Any CPU
		{DC5D4F86-8C6E-4F56-9746-615B9C43C697}.Release|Any CPU.Build.0 = Release|Any CPU
		{A52CBDE0-E31F-4956-96F9-67E448DE5430}.Debug|Any CPU.ActiveCfg = Debug|Any CPU
		{A52CBDE0-E31F-4956-96F9-67E448DE5430}.Debug|Any CPU.Build.0 = Debug|Any CPU
		{A52CBDE0-E31F-4956-96F9-67E448DE5430}.Release|Any CPU.ActiveCfg = Release|Any CPU
		{A52CBDE0-E31F-4956-96F9-67E448DE5430}.Release|Any CPU.Build.0 = Release|Any CPU
		{409EB985-7710-41D9-AC7E-83C20A036243}.Debug|Any CPU.ActiveCfg = Debug|Any CPU
		{409EB985-7710-41D9-AC7E-83C20A036243}.Debug|Any CPU.Build.0 = Debug|Any CPU
		{409EB985-7710-41D9-AC7E-83C20A036243}.Release|Any CPU.ActiveCfg = Release|Any CPU
		{409EB985-7710-41D9-AC7E-83C20A036243}.Release|Any CPU.Build.0 = Release|Any CPU
		{7DCDB9AF-A9F6-47B8-9721-CC9703529C1D}.Debug|Any CPU.ActiveCfg = Debug|Any CPU
		{7DCDB9AF-A9F6-47B8-9721-CC9703529C1D}.Debug|Any CPU.Build.0 = Debug|Any CPU
		{7DCDB9AF-A9F6-47B8-9721-CC9703529C1D}.Release|Any CPU.ActiveCfg = Release|Any CPU
		{7DCDB9AF-A9F6-47B8-9721-CC9703529C1D}.Release|Any CPU.Build.0 = Release|Any CPU
	EndGlobalSection
	GlobalSection(SolutionProperties) = preSolution
		HideSolutionNode = FALSE
	EndGlobalSection
	GlobalSection(ExtensibilityGlobals) = postSolution
		SolutionGuid = {AC255968-D43A-424A-BEA0-F5137DDD30E6}
	EndGlobalSection
EndGlobal
