
Microsoft Visual Studio Solution File, Format Version 12.00
# Visual Studio Version 16
VisualStudioVersion = 16.0.29709.97
MinimumVisualStudioVersion = 10.0.40219.1
Project("{FAE04EC0-301F-11D3-BF4B-00C04F79EFBC}") = "Task01", "Task01\Task01.csproj", "{9BA9FD80-F7A9-4810-86BA-68864E917737}"
EndProject
Project("{FAE04EC0-301F-11D3-BF4B-00C04F79EFBC}") = "Task02", "Task02\Task02.csproj", "{C123DAE6-E5E8-4AEE-B965-48B1AE33EF69}"
EndProject
Project("{FAE04EC0-301F-11D3-BF4B-00C04F79EFBC}") = "Task03", "Task03\Task03.csproj", "{5CD2FD31-353E-4113-8319-8C3F536A2F4F}"
EndProject
Global
	GlobalSection(SolutionConfigurationPlatforms) = preSolution
		Debug|Any CPU = Debug|Any CPU
		Release|Any CPU = Release|Any CPU
	EndGlobalSection
	GlobalSection(ProjectConfigurationPlatforms) = postSolution
		{9BA9FD80-F7A9-4810-86BA-68864E917737}.Debug|Any CPU.ActiveCfg = Debug|Any CPU
		{9BA9FD80-F7A9-4810-86BA-68864E917737}.Debug|Any CPU.Build.0 = Debug|Any CPU
		{9BA9FD80-F7A9-4810-86BA-68864E917737}.Release|Any CPU.ActiveCfg = Release|Any CPU
		{9BA9FD80-F7A9-4810-86BA-68864E917737}.Release|Any CPU.Build.0 = Release|Any CPU
		{C123DAE6-E5E8-4AEE-B965-48B1AE33EF69}.Debug|Any CPU.ActiveCfg = Debug|Any CPU
		{C123DAE6-E5E8-4AEE-B965-48B1AE33EF69}.Debug|Any CPU.Build.0 = Debug|Any CPU
		{C123DAE6-E5E8-4AEE-B965-48B1AE33EF69}.Release|Any CPU.ActiveCfg = Release|Any CPU
		{C123DAE6-E5E8-4AEE-B965-48B1AE33EF69}.Release|Any CPU.Build.0 = Release|Any CPU
		{5CD2FD31-353E-4113-8319-8C3F536A2F4F}.Debug|Any CPU.ActiveCfg = Debug|Any CPU
		{5CD2FD31-353E-4113-8319-8C3F536A2F4F}.Debug|Any CPU.Build.0 = Debug|Any CPU
		{5CD2FD31-353E-4113-8319-8C3F536A2F4F}.Release|Any CPU.ActiveCfg = Release|Any CPU
		{5CD2FD31-353E-4113-8319-8C3F536A2F4F}.Release|Any CPU.Build.0 = Release|Any CPU
	EndGlobalSection
	GlobalSection(SolutionProperties) = preSolution
		HideSolutionNode = FALSE
	EndGlobalSection
	GlobalSection(ExtensibilityGlobals) = postSolution
		SolutionGuid = {81BBAB13-C659-4A8A-AED7-E77E02E49300}
	EndGlobalSection
EndGlobal
