
Microsoft Visual Studio Solution File, Format Version 12.00
# Visual Studio Version 16
VisualStudioVersion = 16.0.29709.97
MinimumVisualStudioVersion = 10.0.40219.1
Project("{FAE04EC0-301F-11D3-BF4B-00C04F79EFBC}") = "01. Email Validator", "01. Email Validator\01. Email Validator.csproj", "{50184EAC-8327-4314-A052-5A558A12F6E9}"
EndProject
Project("{FAE04EC0-301F-11D3-BF4B-00C04F79EFBC}") = "02. Registration", "02. Registration\02. Registration.csproj", "{995F0B18-15D4-4D73-A85A-2C5863A0047B}"
EndProject
Project("{FAE04EC0-301F-11D3-BF4B-00C04F79EFBC}") = "03. Inbox Manager", "03. Inbox Manager\03. Inbox Manager.csproj", "{4DA910B4-D056-4A70-B65C-99BB50305C64}"
EndProject
Global
	GlobalSection(SolutionConfigurationPlatforms) = preSolution
		Debug|Any CPU = Debug|Any CPU
		Release|Any CPU = Release|Any CPU
	EndGlobalSection
	GlobalSection(ProjectConfigurationPlatforms) = postSolution
		{50184EAC-8327-4314-A052-5A558A12F6E9}.Debug|Any CPU.ActiveCfg = Debug|Any CPU
		{50184EAC-8327-4314-A052-5A558A12F6E9}.Debug|Any CPU.Build.0 = Debug|Any CPU
		{50184EAC-8327-4314-A052-5A558A12F6E9}.Release|Any CPU.ActiveCfg = Release|Any CPU
		{50184EAC-8327-4314-A052-5A558A12F6E9}.Release|Any CPU.Build.0 = Release|Any CPU
		{995F0B18-15D4-4D73-A85A-2C5863A0047B}.Debug|Any CPU.ActiveCfg = Debug|Any CPU
		{995F0B18-15D4-4D73-A85A-2C5863A0047B}.Debug|Any CPU.Build.0 = Debug|Any CPU
		{995F0B18-15D4-4D73-A85A-2C5863A0047B}.Release|Any CPU.ActiveCfg = Release|Any CPU
		{995F0B18-15D4-4D73-A85A-2C5863A0047B}.Release|Any CPU.Build.0 = Release|Any CPU
		{4DA910B4-D056-4A70-B65C-99BB50305C64}.Debug|Any CPU.ActiveCfg = Debug|Any CPU
		{4DA910B4-D056-4A70-B65C-99BB50305C64}.Debug|Any CPU.Build.0 = Debug|Any CPU
		{4DA910B4-D056-4A70-B65C-99BB50305C64}.Release|Any CPU.ActiveCfg = Release|Any CPU
		{4DA910B4-D056-4A70-B65C-99BB50305C64}.Release|Any CPU.Build.0 = Release|Any CPU
	EndGlobalSection
	GlobalSection(SolutionProperties) = preSolution
		HideSolutionNode = FALSE
	EndGlobalSection
	GlobalSection(ExtensibilityGlobals) = postSolution
		SolutionGuid = {646314D2-1054-4E83-B759-938183BA557C}
	EndGlobalSection
EndGlobal
