
Microsoft Visual Studio Solution File, Format Version 12.00
# Visual Studio Version 16
VisualStudioVersion = 16.0.29709.97
MinimumVisualStudioVersion = 10.0.40219.1
Project("{FAE04EC0-301F-11D3-BF4B-00C04F79EFBC}") = "Warrior’s Quest", "Warrior’s Quest\Warrior’s Quest.csproj", "{A954A7A9-70B5-48FD-92BA-B2E42205B5B6}"
EndProject
Project("{FAE04EC0-301F-11D3-BF4B-00C04F79EFBC}") = "Boss Rush", "Boss Rush\Boss Rush.csproj", "{A21C1DEB-7E0B-4FB3-A43E-8AD0E68D87B9}"
EndProject
Project("{FAE04EC0-301F-11D3-BF4B-00C04F79EFBC}") = "Hero Recruitment", "Hero Recruitment\Hero Recruitment.csproj", "{F4153D9C-6B7A-451A-83BA-3A12940C2881}"
EndProject
Global
	GlobalSection(SolutionConfigurationPlatforms) = preSolution
		Debug|Any CPU = Debug|Any CPU
		Release|Any CPU = Release|Any CPU
	EndGlobalSection
	GlobalSection(ProjectConfigurationPlatforms) = postSolution
		{A954A7A9-70B5-48FD-92BA-B2E42205B5B6}.Debug|Any CPU.ActiveCfg = Debug|Any CPU
		{A954A7A9-70B5-48FD-92BA-B2E42205B5B6}.Debug|Any CPU.Build.0 = Debug|Any CPU
		{A954A7A9-70B5-48FD-92BA-B2E42205B5B6}.Release|Any CPU.ActiveCfg = Release|Any CPU
		{A954A7A9-70B5-48FD-92BA-B2E42205B5B6}.Release|Any CPU.Build.0 = Release|Any CPU
		{A21C1DEB-7E0B-4FB3-A43E-8AD0E68D87B9}.Debug|Any CPU.ActiveCfg = Debug|Any CPU
		{A21C1DEB-7E0B-4FB3-A43E-8AD0E68D87B9}.Debug|Any CPU.Build.0 = Debug|Any CPU
		{A21C1DEB-7E0B-4FB3-A43E-8AD0E68D87B9}.Release|Any CPU.ActiveCfg = Release|Any CPU
		{A21C1DEB-7E0B-4FB3-A43E-8AD0E68D87B9}.Release|Any CPU.Build.0 = Release|Any CPU
		{F4153D9C-6B7A-451A-83BA-3A12940C2881}.Debug|Any CPU.ActiveCfg = Debug|Any CPU
		{F4153D9C-6B7A-451A-83BA-3A12940C2881}.Debug|Any CPU.Build.0 = Debug|Any CPU
		{F4153D9C-6B7A-451A-83BA-3A12940C2881}.Release|Any CPU.ActiveCfg = Release|Any CPU
		{F4153D9C-6B7A-451A-83BA-3A12940C2881}.Release|Any CPU.Build.0 = Release|Any CPU
	EndGlobalSection
	GlobalSection(SolutionProperties) = preSolution
		HideSolutionNode = FALSE
	EndGlobalSection
	GlobalSection(ExtensibilityGlobals) = postSolution
		SolutionGuid = {F67AABDE-AD84-45C2-AFC4-127B0AD60DD7}
	EndGlobalSection
EndGlobal
