
Microsoft Visual Studio Solution File, Format Version 12.00
# Visual Studio Version 16
VisualStudioVersion = 16.0.29709.97
MinimumVisualStudioVersion = 10.0.40219.1
Project("{FAE04EC0-301F-11D3-BF4B-00C04F79EFBC}") = "Nikulden’s Charity", "Nikulden’s Charity\Nikulden’s Charity.csproj", "{D753E114-4904-4BC7-B494-F539359FDB18}"
EndProject
Project("{FAE04EC0-301F-11D3-BF4B-00C04F79EFBC}") = "Message Translator", "Message Translator\Message Translator.csproj", "{AF72E4A8-74D5-4E4E-B64A-EF9381D073FA}"
EndProject
Project("{FAE04EC0-301F-11D3-BF4B-00C04F79EFBC}") = "Nikulden’s meals", "Nikulden’s meals\Nikulden’s meals.csproj", "{11A86E26-E3ED-4BFF-AFE4-FAA45C112F65}"
EndProject
Global
	GlobalSection(SolutionConfigurationPlatforms) = preSolution
		Debug|Any CPU = Debug|Any CPU
		Release|Any CPU = Release|Any CPU
	EndGlobalSection
	GlobalSection(ProjectConfigurationPlatforms) = postSolution
		{D753E114-4904-4BC7-B494-F539359FDB18}.Debug|Any CPU.ActiveCfg = Debug|Any CPU
		{D753E114-4904-4BC7-B494-F539359FDB18}.Debug|Any CPU.Build.0 = Debug|Any CPU
		{D753E114-4904-4BC7-B494-F539359FDB18}.Release|Any CPU.ActiveCfg = Release|Any CPU
		{D753E114-4904-4BC7-B494-F539359FDB18}.Release|Any CPU.Build.0 = Release|Any CPU
		{AF72E4A8-74D5-4E4E-B64A-EF9381D073FA}.Debug|Any CPU.ActiveCfg = Debug|Any CPU
		{AF72E4A8-74D5-4E4E-B64A-EF9381D073FA}.Debug|Any CPU.Build.0 = Debug|Any CPU
		{AF72E4A8-74D5-4E4E-B64A-EF9381D073FA}.Release|Any CPU.ActiveCfg = Release|Any CPU
		{AF72E4A8-74D5-4E4E-B64A-EF9381D073FA}.Release|Any CPU.Build.0 = Release|Any CPU
		{11A86E26-E3ED-4BFF-AFE4-FAA45C112F65}.Debug|Any CPU.ActiveCfg = Debug|Any CPU
		{11A86E26-E3ED-4BFF-AFE4-FAA45C112F65}.Debug|Any CPU.Build.0 = Debug|Any CPU
		{11A86E26-E3ED-4BFF-AFE4-FAA45C112F65}.Release|Any CPU.ActiveCfg = Release|Any CPU
		{11A86E26-E3ED-4BFF-AFE4-FAA45C112F65}.Release|Any CPU.Build.0 = Release|Any CPU
	EndGlobalSection
	GlobalSection(SolutionProperties) = preSolution
		HideSolutionNode = FALSE
	EndGlobalSection
	GlobalSection(ExtensibilityGlobals) = postSolution
		SolutionGuid = {15AE13ED-A6AA-4216-8F84-7DD3F3349F51}
	EndGlobalSection
EndGlobal
