
Microsoft Visual Studio Solution File, Format Version 12.00
# Visual Studio Version 16
VisualStudioVersion = 16.0.29709.97
MinimumVisualStudioVersion = 10.0.40219.1
Project("{9A19103F-16F7-4668-BE54-9A1E7A4F7556}") = "Username", "Username\Username.csproj", "{37D1DDCF-FD62-4152-9038-95046F0ED931}"
EndProject
Project("{FAE04EC0-301F-11D3-BF4B-00C04F79EFBC}") = "Password", "Password\Password.csproj", "{7BC26361-325C-48D0-8D7C-F53A501B839B}"
EndProject
Project("{FAE04EC0-301F-11D3-BF4B-00C04F79EFBC}") = "Followers", "Followers\Followers.csproj", "{AF02FB35-A364-4C8B-9320-4727C6E8940E}"
EndProject
Global
	GlobalSection(SolutionConfigurationPlatforms) = preSolution
		Debug|Any CPU = Debug|Any CPU
		Release|Any CPU = Release|Any CPU
	EndGlobalSection
	GlobalSection(ProjectConfigurationPlatforms) = postSolution
		{37D1DDCF-FD62-4152-9038-95046F0ED931}.Debug|Any CPU.ActiveCfg = Debug|Any CPU
		{37D1DDCF-FD62-4152-9038-95046F0ED931}.Debug|Any CPU.Build.0 = Debug|Any CPU
		{37D1DDCF-FD62-4152-9038-95046F0ED931}.Release|Any CPU.ActiveCfg = Release|Any CPU
		{37D1DDCF-FD62-4152-9038-95046F0ED931}.Release|Any CPU.Build.0 = Release|Any CPU
		{7BC26361-325C-48D0-8D7C-F53A501B839B}.Debug|Any CPU.ActiveCfg = Debug|Any CPU
		{7BC26361-325C-48D0-8D7C-F53A501B839B}.Debug|Any CPU.Build.0 = Debug|Any CPU
		{7BC26361-325C-48D0-8D7C-F53A501B839B}.Release|Any CPU.ActiveCfg = Release|Any CPU
		{7BC26361-325C-48D0-8D7C-F53A501B839B}.Release|Any CPU.Build.0 = Release|Any CPU
		{AF02FB35-A364-4C8B-9320-4727C6E8940E}.Debug|Any CPU.ActiveCfg = Debug|Any CPU
		{AF02FB35-A364-4C8B-9320-4727C6E8940E}.Debug|Any CPU.Build.0 = Debug|Any CPU
		{AF02FB35-A364-4C8B-9320-4727C6E8940E}.Release|Any CPU.ActiveCfg = Release|Any CPU
		{AF02FB35-A364-4C8B-9320-4727C6E8940E}.Release|Any CPU.Build.0 = Release|Any CPU
	EndGlobalSection
	GlobalSection(SolutionProperties) = preSolution
		HideSolutionNode = FALSE
	EndGlobalSection
	GlobalSection(ExtensibilityGlobals) = postSolution
		SolutionGuid = {8D63659C-F343-4C36-9470-0F1C84AF60A0}
	EndGlobalSection
EndGlobal
